// !$*UTF8*$!
{
	archiveVersion = 1;
	classes = {
	};
	objectVersion = 46;
	objects = {

/* Begin PBXBuildFile section */
		043A09811EDE068600E5A30A /* PictureViewController.swift in Sources */ = {isa = PBXBuildFile; fileRef = 043A09801EDE068600E5A30A /* PictureViewController.swift */; };
		043D8BD61EDCEC8E0008A872 /* AppDelegate.swift in Sources */ = {isa = PBXBuildFile; fileRef = 043D8BD51EDCEC8E0008A872 /* AppDelegate.swift */; };
		043D8BD81EDCEC8E0008A872 /* SignInViewController.swift in Sources */ = {isa = PBXBuildFile; fileRef = 043D8BD71EDCEC8E0008A872 /* SignInViewController.swift */; };
		043D8BDB1EDCEC8E0008A872 /* Main.storyboard in Resources */ = {isa = PBXBuildFile; fileRef = 043D8BD91EDCEC8E0008A872 /* Main.storyboard */; };
		043D8BDD1EDCEC8E0008A872 /* Assets.xcassets in Resources */ = {isa = PBXBuildFile; fileRef = 043D8BDC1EDCEC8E0008A872 /* Assets.xcassets */; };
		043D8BE01EDCEC8E0008A872 /* LaunchScreen.storyboard in Resources */ = {isa = PBXBuildFile; fileRef = 043D8BDE1EDCEC8E0008A872 /* LaunchScreen.storyboard */; };
		043D8BE81EDCF2560008A872 /* GoogleService-Info.plist in Resources */ = {isa = PBXBuildFile; fileRef = 043D8BE71EDCF2560008A872 /* GoogleService-Info.plist */; };
		0479919E1EDD277A00F348D4 /* AdSupport.framework in Frameworks */ = {isa = PBXBuildFile; fileRef = 0479919D1EDD277A00F348D4 /* AdSupport.framework */; };
		047991A01EDD3C0C00F348D4 /* SnapsViewController.swift in Sources */ = {isa = PBXBuildFile; fileRef = 0479919F1EDD3C0C00F348D4 /* SnapsViewController.swift */; };
		04FB2D321EDE231900B886A1 /* SelectUserViewController.swift in Sources */ = {isa = PBXBuildFile; fileRef = 04FB2D311EDE231900B886A1 /* SelectUserViewController.swift */; };
		04FB2D341EDE28C600B886A1 /* User.swift in Sources */ = {isa = PBXBuildFile; fileRef = 04FB2D331EDE28C600B886A1 /* User.swift */; };
		04FB2D371EDE55EC00B886A1 /* Snap.swift in Sources */ = {isa = PBXBuildFile; fileRef = 04FB2D361EDE55EC00B886A1 /* Snap.swift */; };
		04FB2D391EDE60CA00B886A1 /* ViewSnapViewController.swift in Sources */ = {isa = PBXBuildFile; fileRef = 04FB2D381EDE60CA00B886A1 /* ViewSnapViewController.swift */; };
		8BC827E3506827AEBFF7F8E9 /* Pods_Snapchat.framework in Frameworks */ = {isa = PBXBuildFile; fileRef = 41651AC6257FDCD54C9CFBA3 /* Pods_Snapchat.framework */; };
/* End PBXBuildFile section */

/* Begin PBXFileReference section */
		043A09801EDE068600E5A30A /* PictureViewController.swift */ = {isa = PBXFileReference; fileEncoding = 4; lastKnownFileType = sourcecode.swift; path = PictureViewController.swift; sourceTree = "<group>"; };
		043D8BD21EDCEC8E0008A872 /* Snapchat.app */ = {isa = PBXFileReference; explicitFileType = wrapper.application; includeInIndex = 0; path = Snapchat.app; sourceTree = BUILT_PRODUCTS_DIR; };
		043D8BD51EDCEC8E0008A872 /* AppDelegate.swift */ = {isa = PBXFileReference; lastKnownFileType = sourcecode.swift; path = AppDelegate.swift; sourceTree = "<group>"; };
		043D8BD71EDCEC8E0008A872 /* SignInViewController.swift */ = {isa = PBXFileReference; lastKnownFileType = sourcecode.swift; path = SignInViewController.swift; sourceTree = "<group>"; };
		043D8BDA1EDCEC8E0008A872 /* Base */ = {isa = PBXFileReference; lastKnownFileType = file.storyboard; name = Base; path = Base.lproj/Main.storyboard; sourceTree = "<group>"; };
		043D8BDC1EDCEC8E0008A872 /* Assets.xcassets */ = {isa = PBXFileReference; lastKnownFileType = folder.assetcatalog; path = Assets.xcassets; sourceTree = "<group>"; };
		043D8BDF1EDCEC8E0008A872 /* Base */ = {isa = PBXFileReference; lastKnownFileType = file.storyboard; name = Base; path = Base.lproj/LaunchScreen.storyboard; sourceTree = "<group>"; };
		043D8BE11EDCEC8F0008A872 /* Info.plist */ = {isa = PBXFileReference; lastKnownFileType = text.plist.xml; path = Info.plist; sourceTree = "<group>"; };
		043D8BE71EDCF2560008A872 /* GoogleService-Info.plist */ = {isa = PBXFileReference; fileEncoding = 4; lastKnownFileType = text.plist.xml; path = "GoogleService-Info.plist"; sourceTree = "<group>"; };
		0479919D1EDD277A00F348D4 /* AdSupport.framework */ = {isa = PBXFileReference; lastKnownFileType = wrapper.framework; name = AdSupport.framework; path = System/Library/Frameworks/AdSupport.framework; sourceTree = SDKROOT; };
		0479919F1EDD3C0C00F348D4 /* SnapsViewController.swift */ = {isa = PBXFileReference; fileEncoding = 4; lastKnownFileType = sourcecode.swift; name = SnapsViewController.swift; path = ../SnapsViewController.swift; sourceTree = "<group>"; };
		04FB2D311EDE231900B886A1 /* SelectUserViewController.swift */ = {isa = PBXFileReference; fileEncoding = 4; lastKnownFileType = sourcecode.swift; path = SelectUserViewController.swift; sourceTree = "<group>"; };
		04FB2D331EDE28C600B886A1 /* User.swift */ = {isa = PBXFileReference; fileEncoding = 4; lastKnownFileType = sourcecode.swift; path = User.swift; sourceTree = "<group>"; };
		04FB2D361EDE55EC00B886A1 /* Snap.swift */ = {isa = PBXFileReference; fileEncoding = 4; lastKnownFileType = sourcecode.swift; path = Snap.swift; sourceTree = "<group>"; };
		04FB2D381EDE60CA00B886A1 /* ViewSnapViewController.swift */ = {isa = PBXFileReference; fileEncoding = 4; lastKnownFileType = sourcecode.swift; path = ViewSnapViewController.swift; sourceTree = "<group>"; };
		41651AC6257FDCD54C9CFBA3 /* Pods_Snapchat.framework */ = {isa = PBXFileReference; explicitFileType = wrapper.framework; includeInIndex = 0; path = Pods_Snapchat.framework; sourceTree = BUILT_PRODUCTS_DIR; };
		912657D4560CA408F1E5037C /* Pods-Snapchat.release.xcconfig */ = {isa = PBXFileReference; includeInIndex = 1; lastKnownFileType = text.xcconfig; name = "Pods-Snapchat.release.xcconfig"; path = "Pods/Target Support Files/Pods-Snapchat/Pods-Snapchat.release.xcconfig"; sourceTree = "<group>"; };
		F64BC4B849079D2D56C96BE1 /* Pods-Snapchat.debug.xcconfig */ = {isa = PBXFileReference; includeInIndex = 1; lastKnownFileType = text.xcconfig; name = "Pods-Snapchat.debug.xcconfig"; path = "Pods/Target Support Files/Pods-Snapchat/Pods-Snapchat.debug.xcconfig"; sourceTree = "<group>"; };
/* End PBXFileReference section */

/* Begin PBXFrameworksBuildPhase section */
		043D8BCF1EDCEC8E0008A872 /* Frameworks */ = {
			isa = PBXFrameworksBuildPhase;
			buildActionMask = 2147483647;
			files = (
				0479919E1EDD277A00F348D4 /* AdSupport.framework in Frameworks */,
				8BC827E3506827AEBFF7F8E9 /* Pods_Snapchat.framework in Frameworks */,
			);
			runOnlyForDeploymentPostprocessing = 0;
		};
/* End PBXFrameworksBuildPhase section */

/* Begin PBXGroup section */
		043D8BC91EDCEC8E0008A872 = {
			isa = PBXGroup;
			children = (
				04FB2D361EDE55EC00B886A1 /* Snap.swift */,
				043D8BD41EDCEC8E0008A872 /* Snapchat */,
				043D8BD31EDCEC8E0008A872 /* Products */,
				684E52286D41A83557262D54 /* Pods */,
				9EA94928A73BBA73E0DC49F4 /* Frameworks */,
			);
			sourceTree = "<group>";
		};
		043D8BD31EDCEC8E0008A872 /* Products */ = {
			isa = PBXGroup;
			children = (
				043D8BD21EDCEC8E0008A872 /* Snapchat.app */,
			);
			name = Products;
			sourceTree = "<group>";
		};
		043D8BD41EDCEC8E0008A872 /* Snapchat */ = {
			isa = PBXGroup;
			children = (
				04FB2D351EDE28F500B886A1 /* View Controllers */,
				043D8BD51EDCEC8E0008A872 /* AppDelegate.swift */,
				04FB2D331EDE28C600B886A1 /* User.swift */,
				043D8BD91EDCEC8E0008A872 /* Main.storyboard */,
				043D8BDC1EDCEC8E0008A872 /* Assets.xcassets */,
				043D8BDE1EDCEC8E0008A872 /* LaunchScreen.storyboard */,
				043D8BE11EDCEC8F0008A872 /* Info.plist */,
				043D8BE71EDCF2560008A872 /* GoogleService-Info.plist */,
			);
			path = Snapchat;
			sourceTree = "<group>";
		};
		04FB2D351EDE28F500B886A1 /* View Controllers */ = {
			isa = PBXGroup;
			children = (
				043D8BD71EDCEC8E0008A872 /* SignInViewController.swift */,
				0479919F1EDD3C0C00F348D4 /* SnapsViewController.swift */,
				04FB2D311EDE231900B886A1 /* SelectUserViewController.swift */,
				043A09801EDE068600E5A30A /* PictureViewController.swift */,
				04FB2D381EDE60CA00B886A1 /* ViewSnapViewController.swift */,
			);
			name = "View Controllers";
			sourceTree = "<group>";
		};
		684E52286D41A83557262D54 /* Pods */ = {
			isa = PBXGroup;
			children = (
				F64BC4B849079D2D56C96BE1 /* Pods-Snapchat.debug.xcconfig */,
				912657D4560CA408F1E5037C /* Pods-Snapchat.release.xcconfig */,
			);
			name = Pods;
			sourceTree = "<group>";
		};
		9EA94928A73BBA73E0DC49F4 /* Frameworks */ = {
			isa = PBXGroup;
			children = (
				0479919D1EDD277A00F348D4 /* AdSupport.framework */,
				41651AC6257FDCD54C9CFBA3 /* Pods_Snapchat.framework */,
			);
			name = Frameworks;
			sourceTree = "<group>";
		};
/* End PBXGroup section */

/* Begin PBXNativeTarget section */
		043D8BD11EDCEC8E0008A872 /* Snapchat */ = {
			isa = PBXNativeTarget;
			buildConfigurationList = 043D8BE41EDCEC8F0008A872 /* Build configuration list for PBXNativeTarget "Snapchat" */;
			buildPhases = (
				00633F1FF8D4C4394DA0ECE7 /* [CP] Check Pods Manifest.lock */,
				043D8BCE1EDCEC8E0008A872 /* Sources */,
				043D8BCF1EDCEC8E0008A872 /* Frameworks */,
				043D8BD01EDCEC8E0008A872 /* Resources */,
				B9036726A7ED1F2DE033DAE5 /* [CP] Embed Pods Frameworks */,
				EF8D402AF2CFE629D3F34D13 /* [CP] Copy Pods Resources */,
			);
			buildRules = (
			);
			dependencies = (
			);
			name = Snapchat;
			productName = Snapchat;
			productReference = 043D8BD21EDCEC8E0008A872 /* Snapchat.app */;
			productType = "com.apple.product-type.application";
		};
/* End PBXNativeTarget section */

/* Begin PBXProject section */
		043D8BCA1EDCEC8E0008A872 /* Project object */ = {
			isa = PBXProject;
			attributes = {
				LastSwiftUpdateCheck = 0830;
				LastUpgradeCheck = 0830;
				ORGANIZATIONNAME = Mac;
				TargetAttributes = {
					043D8BD11EDCEC8E0008A872 = {
						CreatedOnToolsVersion = 8.3.2;
						ProvisioningStyle = Automatic;
					};
				};
			};
			buildConfigurationList = 043D8BCD1EDCEC8E0008A872 /* Build configuration list for PBXProject "Snapchat" */;
			compatibilityVersion = "Xcode 3.2";
			developmentRegion = English;
			hasScannedForEncodings = 0;
			knownRegions = (
				en,
				Base,
			);
			mainGroup = 043D8BC91EDCEC8E0008A872;
			productRefGroup = 043D8BD31EDCEC8E0008A872 /* Products */;
			projectDirPath = "";
			projectRoot = "";
			targets = (
				043D8BD11EDCEC8E0008A872 /* Snapchat */,
			);
		};
/* End PBXProject section */

/* Begin PBXResourcesBuildPhase section */
		043D8BD01EDCEC8E0008A872 /* Resources */ = {
			isa = PBXResourcesBuildPhase;
			buildActionMask = 2147483647;
			files = (
				043D8BE01EDCEC8E0008A872 /* LaunchScreen.storyboard in Resources */,
				043D8BE81EDCF2560008A872 /* GoogleService-Info.plist in Resources */,
				043D8BDD1EDCEC8E0008A872 /* Assets.xcassets in Resources */,
				043D8BDB1EDCEC8E0008A872 /* Main.storyboard in Resources */,
			);
			runOnlyForDeploymentPostprocessing = 0;
		};
/* End PBXResourcesBuildPhase section */

/* Begin PBXShellScriptBuildPhase section */
		00633F1FF8D4C4394DA0ECE7 /* [CP] Check Pods Manifest.lock */ = {
			isa = PBXShellScriptBuildPhase;
			buildActionMask = 2147483647;
			files = (
			);
			inputPaths = (
			);
			name = "[CP] Check Pods Manifest.lock";
			outputPaths = (
			);
			runOnlyForDeploymentPostprocessing = 0;
			shellPath = /bin/sh;
			shellScript = "diff \"${PODS_PODFILE_DIR_PATH}/Podfile.lock\" \"${PODS_ROOT}/Manifest.lock\" > /dev/null\nif [ $? != 0 ] ; then\n    # print error to STDERR\n    echo \"error: The sandbox is not in sync with the Podfile.lock. Run 'pod install' or update your CocoaPods installation.\" >&2\n    exit 1\nfi\n";
			showEnvVarsInLog = 0;
		};
		B9036726A7ED1F2DE033DAE5 /* [CP] Embed Pods Frameworks */ = {
			isa = PBXShellScriptBuildPhase;
			buildActionMask = 2147483647;
			files = (
			);
			inputPaths = (
			);
			name = "[CP] Embed Pods Frameworks";
			outputPaths = (
			);
			runOnlyForDeploymentPostprocessing = 0;
			shellPath = /bin/sh;
			shellScript = "\"${SRCROOT}/Pods/Target Support Files/Pods-Snapchat/Pods-Snapchat-frameworks.sh\"\n";
			showEnvVarsInLog = 0;
		};
		EF8D402AF2CFE629D3F34D13 /* [CP] Copy Pods Resources */ = {
			isa = PBXShellScriptBuildPhase;
			buildActionMask = 2147483647;
			files = (
			);
			inputPaths = (
			);
			name = "[CP] Copy Pods Resources";
			outputPaths = (
			);
			runOnlyForDeploymentPostprocessing = 0;
			shellPath = /bin/sh;
			shellScript = "\"${SRCROOT}/Pods/Target Support Files/Pods-Snapchat/Pods-Snapchat-resources.sh\"\n";
			showEnvVarsInLog = 0;
		};
/* End PBXShellScriptBuildPhase section */

/* Begin PBXSourcesBuildPhase section */
		043D8BCE1EDCEC8E0008A872 /* Sources */ = {
			isa = PBXSourcesBuildPhase;
			buildActionMask = 2147483647;
			files = (
				043D8BD81EDCEC8E0008A872 /* SignInViewController.swift in Sources */,
				043A09811EDE068600E5A30A /* PictureViewController.swift in Sources */,
				04FB2D341EDE28C600B886A1 /* User.swift in Sources */,
				04FB2D391EDE60CA00B886A1 /* ViewSnapViewController.swift in Sources */,
				04FB2D321EDE231900B886A1 /* SelectUserViewController.swift in Sources */,
				04FB2D371EDE55EC00B886A1 /* Snap.swift in Sources */,
				043D8BD61EDCEC8E0008A872 /* AppDelegate.swift in Sources */,
				047991A01EDD3C0C00F348D4 /* SnapsViewController.swift in Sources */,
			);
			runOnlyForDeploymentPostprocessing = 0;
		};
/* End PBXSourcesBuildPhase section */

/* Begin PBXVariantGroup section */
		043D8BD91EDCEC8E0008A872 /* Main.storyboard */ = {
			isa = PBXVariantGroup;
			children = (
				043D8BDA1EDCEC8E0008A872 /* Base */,
			);
			name = Main.storyboard;
			sourceTree = "<group>";
		};
		043D8BDE1EDCEC8E0008A872 /* LaunchScreen.storyboard */ = {
			isa = PBXVariantGroup;
			children = (
				043D8BDF1EDCEC8E0008A872 /* Base */,
			);
			name = LaunchScreen.storyboard;
			sourceTree = "<group>";
		};
/* End PBXVariantGroup section */

/* Begin XCBuildConfiguration section */
		043D8BE21EDCEC8F0008A872 /* Debug */ = {
			isa = XCBuildConfiguration;
			buildSettings = {
				ALWAYS_SEARCH_USER_PATHS = NO;
				CLANG_ANALYZER_NONNULL = YES;
				CLANG_ANALYZER_NUMBER_OBJECT_CONVERSION = YES_AGGRESSIVE;
				CLANG_CXX_LANGUAGE_STANDARD = "gnu++0x";
				CLANG_CXX_LIBRARY = "libc++";
				CLANG_ENABLE_MODULES = YES;
				CLANG_ENABLE_OBJC_ARC = YES;
				CLANG_WARN_BOOL_CONVERSION = YES;
				CLANG_WARN_CONSTANT_CONVERSION = YES;
				CLANG_WARN_DIRECT_OBJC_ISA_USAGE = YES_ERROR;
				CLANG_WARN_DOCUMENTATION_COMMENTS = YES;
				CLANG_WARN_EMPTY_BODY = YES;
				CLANG_WARN_ENUM_CONVERSION = YES;
				CLANG_WARN_INFINITE_RECURSION = YES;
				CLANG_WARN_INT_CONVERSION = YES;
				CLANG_WARN_OBJC_ROOT_CLASS = YES_ERROR;
				CLANG_WARN_SUSPICIOUS_MOVE = YES;
				CLANG_WARN_UNREACHABLE_CODE = YES;
				CLANG_WARN__DUPLICATE_METHOD_MATCH = YES;
				"CODE_SIGN_IDENTITY[sdk=iphoneos*]" = "iPhone Developer";
				COPY_PHASE_STRIP = NO;
				DEBUG_INFORMATION_FORMAT = dwarf;
				ENABLE_STRICT_OBJC_MSGSEND = YES;
				ENABLE_TESTABILITY = YES;
				GCC_C_LANGUAGE_STANDARD = gnu99;
				GCC_DYNAMIC_NO_PIC = NO;
				GCC_NO_COMMON_BLOCKS = YES;
				GCC_OPTIMIZATION_LEVEL = 0;
				GCC_PREPROCESSOR_DEFINITIONS = (
					"DEBUG=1",
					"$(inherited)",
				);
				GCC_WARN_64_TO_32_BIT_CONVERSION = YES;
				GCC_WARN_ABOUT_RETURN_TYPE = YES_ERROR;
				GCC_WARN_UNDECLARED_SELECTOR = YES;
				GCC_WARN_UNINITIALIZED_AUTOS = YES_AGGRESSIVE;
				GCC_WARN_UNUSED_FUNCTION = YES;
				GCC_WARN_UNUSED_VARIABLE = YES;
				IPHONEOS_DEPLOYMENT_TARGET = 10.3;
				MTL_ENABLE_DEBUG_INFO = YES;
				ONLY_ACTIVE_ARCH = YES;
				SDKROOT = iphoneos;
				SWIFT_ACTIVE_COMPILATION_CONDITIONS = DEBUG;
				SWIFT_OPTIMIZATION_LEVEL = "-Onone";
				TARGETED_DEVICE_FAMILY = "1,2";
			};
			name = Debug;
		};
		043D8BE31EDCEC8F0008A872 /* Release */ = {
			isa = XCBuildConfiguration;
			buildSettings = {
				ALWAYS_SEARCH_USER_PATHS = NO;
				CLANG_ANALYZER_NONNULL = YES;
				CLANG_ANALYZER_NUMBER_OBJECT_CONVERSION = YES_AGGRESSIVE;
				CLANG_CXX_LANGUAGE_STANDARD = "gnu++0x";
				CLANG_CXX_LIBRARY = "libc++";
				CLANG_ENABLE_MODULES = YES;
				CLANG_ENABLE_OBJC_ARC = YES;
				CLANG_WARN_BOOL_CONVERSION = YES;
				CLANG_WARN_CONSTANT_CONVERSION = YES;
				CLANG_WARN_DIRECT_OBJC_ISA_USAGE = YES_ERROR;
				CLANG_WARN_DOCUMENTATION_COMMENTS = YES;
				CLANG_WARN_EMPTY_BODY = YES;
				CLANG_WARN_ENUM_CONVERSION = YES;
				CLANG_WARN_INFINITE_RECURSION = YES;
				CLANG_WARN_INT_CONVERSION = YES;
				CLANG_WARN_OBJC_ROOT_CLASS = YES_ERROR;
				CLANG_WARN_SUSPICIOUS_MOVE = YES;
				CLANG_WARN_UNREACHABLE_CODE = YES;
				CLANG_WARN__DUPLICATE_METHOD_MATCH = YES;
				"CODE_SIGN_IDENTITY[sdk=iphoneos*]" = "iPhone Developer";
				COPY_PHASE_STRIP = NO;
				DEBUG_INFORMATION_FORMAT = "dwarf-with-dsym";
				ENABLE_NS_ASSERTIONS = NO;
				ENABLE_STRICT_OBJC_MSGSEND = YES;
				GCC_C_LANGUAGE_STANDARD = gnu99;
				GCC_NO_COMMON_BLOCKS = YES;
				GCC_WARN_64_TO_32_BIT_CONVERSION = YES;
				GCC_WARN_ABOUT_RETURN_TYPE = YES_ERROR;
				GCC_WARN_UNDECLARED_SELECTOR = YES;
				GCC_WARN_UNINITIALIZED_AUTOS = YES_AGGRESSIVE;
				GCC_WARN_UNUSED_FUNCTION = YES;
				GCC_WARN_UNUSED_VARIABLE = YES;
				IPHONEOS_DEPLOYMENT_TARGET = 10.3;
				MTL_ENABLE_DEBUG_INFO = NO;
				SDKROOT = iphoneos;
				SWIFT_OPTIMIZATION_LEVEL = "-Owholemodule";
				TARGETED_DEVICE_FAMILY = "1,2";
				VALIDATE_PRODUCT = YES;
			};
			name = Release;
		};
		043D8BE51EDCEC8F0008A872 /* Debug */ = {
			isa = XCBuildConfiguration;
			baseConfigurationReference = F64BC4B849079D2D56C96BE1 /* Pods-Snapchat.debug.xcconfig */;
			buildSettings = {
				ASSETCATALOG_COMPILER_APPICON_NAME = AppIcon;
				INFOPLIST_FILE = Snapchat/Info.plist;
				LD_RUNPATH_SEARCH_PATHS = "$(inherited) @executable_path/Frameworks";
				PRODUCT_BUNDLE_IDENTIFIER = idk.Snapchat;
				PRODUCT_NAME = "$(TARGET_NAME)";
				SWIFT_VERSION = 3.0;
			};
			name = Debug;
		};
		043D8BE61EDCEC8F0008A872 /* Release */ = {
			isa = XCBuildConfiguration;
			baseConfigurationReference = 912657D4560CA408F1E5037C /* Pods-Snapchat.release.xcconfig */;
			buildSettings = {
				ASSETCATALOG_COMPILER_APPICON_NAME = AppIcon;
				INFOPLIST_FILE = Snapchat/Info.plist;
				LD_RUNPATH_SEARCH_PATHS = "$(inherited) @executable_path/Frameworks";
				PRODUCT_BUNDLE_IDENTIFIER = idk.Snapchat;
				PRODUCT_NAME = "$(TARGET_NAME)";
				SWIFT_VERSION = 3.0;
			};
			name = Release;
		};
/* End XCBuildConfiguration section */

/* Begin XCConfigurationList section */
		043D8BCD1EDCEC8E0008A872 /* Build configuration list for PBXProject "Snapchat" */ = {
			isa = XCConfigurationList;
			buildConfigurations = (
				043D8BE21EDCEC8F0008A872 /* Debug */,
				043D8BE31EDCEC8F0008A872 /* Release */,
			);
			defaultConfigurationIsVisible = 0;
			defaultConfigurationName = Release;
		};
		043D8BE41EDCEC8F0008A872 /* Build configuration list for PBXNativeTarget "Snapchat" */ = {
			isa = XCConfigurationList;
			buildConfigurations = (
				043D8BE51EDCEC8F0008A872 /* Debug */,
				043D8BE61EDCEC8F0008A872 /* Release */,
			);
			defaultConfigurationIsVisible = 0;
			defaultConfigurationName = Release;
		};
/* End XCConfigurationList section */
	};
	rootObject = 043D8BCA1EDCEC8E0008A872 /* Project object */;
}
